<?xml version="1.0" encoding="utf-8"?>
<Project ToolsVersion="4.0" xmlns="http://schemas.microsoft.com/developer/msbuild/2003">
  <ItemGroup>
    <Filter Include="Resource Files">
      <UniqueIdentifier>{67DA6AB6-F800-4c08-8B7A-83BB121AAD01}</UniqueIdentifier>
      <Extensions>rc;ico;cur;bmp;dlg;rc2;rct;bin;rgs;gif;jpg;jpeg;jpe;resx;tiff;tif;png;wav;mfcribbon-ms</Extensions>
    </Filter>
    <Filter Include="MainStuff">
      <UniqueIdentifier>{1f7e27dd-8d61-47e3-92aa-a62a448ee4cf}</UniqueIdentifier>
    </Filter>
    <Filter Include="Experiments">
      <UniqueIdentifier>{eb19dd1f-61ce-43b7-99e6-d9617e674c86}</UniqueIdentifier>
    </Filter>
    <Filter Include="Utils">
      <UniqueIdentifier>{1997024a-8b3a-4899-bcf5-4abfb3675db4}</UniqueIdentifier>
    </Filter>
  </ItemGroup>
  <ItemGroup>
    <ClInclude Include="targetver.h">
      <Filter>MainStuff</Filter>
    </ClInclude>
    <ClInclude Include="stdafx.h">
      <Filter>MainStuff</Filter>
    </ClInclude>
    <ClInclude Include="ThreadLimits.h">
      <Filter>Experiments</Filter>
    </ClInclude>
    <ClInclude Include="Logging.h">
      <Filter>Utils</Filter>
    </ClInclude>
  </ItemGroup>
  <ItemGroup>
    <ClCompile Include="ObeliskExperiments.cpp">
      <Filter>MainStuff</Filter>
    </ClCompile>
    <ClCompile Include="stdafx.cpp">
      <Filter>MainStuff</Filter>
    </ClCompile>
    <ClCompile Include="ThreadLimits.cpp">
      <Filter>Experiments</Filter>
    </ClCompile>
    <ClCompile Include="Logging.cpp">
      <Filter>Utils</Filter>
    </ClCompile>
  </ItemGroup>
</Project>