
Microsoft Visual Studio Solution File, Format Version 12.00
# Visual Studio 15
VisualStudioVersion = 15.0.26730.10
MinimumVisualStudioVersion = 10.0.40219.1
Project("{8BC9CEB8-8B4A-11D0-8D11-00A0C91BC942}") = "ObeliskTest", "ObeliskTest\ObeliskTest.vcxproj", "{E74B32EB-069A-4195-81DD-5CB277C40916}"
EndProject
Project("{8BC9CEB8-8B4A-11D0-8D11-00A0C91BC942}") = "ObeliskCore", "ObeliskCore\ObeliskCore.vcxitems", "{45D41ACC-2C3C-43D2-BC10-02AA73FFC7C7}"
EndProject
Project("{8BC9CEB8-8B4A-11D0-8D11-00A0C91BC942}") = "ObeliskExperiments", "ObeliskExperiments\ObeliskExperiments.vcxproj", "{5E63C797-3DA2-4E26-98A2-C991D5D66193}"
EndProject
Global
	GlobalSection(SharedMSBuildProjectFiles) = preSolution
		ObeliskCore\ObeliskCore.vcxitems*{45d41acc-2c3c-43d2-bc10-02aa73ffc7c7}*SharedItemsImports = 9
		ObeliskCore\ObeliskCore.vcxitems*{5e63c797-3da2-4e26-98a2-c991d5d66193}*SharedItemsImports = 4
		ObeliskCore\ObeliskCore.vcxitems*{e74b32eb-069a-4195-81dd-5cb277c40916}*SharedItemsImports = 4
	EndGlobalSection
	GlobalSection(SolutionConfigurationPlatforms) = preSolution
		Debug|x64 = Debug|x64
		Debug|x86 = Debug|x86
		Release|x64 = Release|x64
		Release|x86 = Release|x86
	EndGlobalSection
	GlobalSection(ProjectConfigurationPlatforms) = postSolution
		{E74B32EB-069A-4195-81DD-5CB277C40916}.Debug|x64.ActiveCfg = Debug|x64
		{E74B32EB-069A-4195-81DD-5CB277C40916}.Debug|x64.Build.0 = Debug|x64
		{E74B32EB-069A-4195-81DD-5CB277C40916}.Debug|x86.ActiveCfg = Debug|x64
		{E74B32EB-069A-4195-81DD-5CB277C40916}.Debug|x86.Build.0 = Debug|x64
		{E74B32EB-069A-4195-81DD-5CB277C40916}.Release|x64.ActiveCfg = Release|x64
		{E74B32EB-069A-4195-81DD-5CB277C40916}.Release|x64.Build.0 = Release|x64
		{E74B32EB-069A-4195-81DD-5CB277C40916}.Release|x86.ActiveCfg = Release|Win32
		{E74B32EB-069A-4195-81DD-5CB277C40916}.Release|x86.Build.0 = Release|Win32
		{5E63C797-3DA2-4E26-98A2-C991D5D66193}.Debug|x64.ActiveCfg = Debug|x64
		{5E63C797-3DA2-4E26-98A2-C991D5D66193}.Debug|x64.Build.0 = Debug|x64
		{5E63C797-3DA2-4E26-98A2-C991D5D66193}.Debug|x86.ActiveCfg = Debug|Win32
		{5E63C797-3DA2-4E26-98A2-C991D5D66193}.Debug|x86.Build.0 = Debug|Win32
		{5E63C797-3DA2-4E26-98A2-C991D5D66193}.Release|x64.ActiveCfg = Release|x64
		{5E63C797-3DA2-4E26-98A2-C991D5D66193}.Release|x64.Build.0 = Release|x64
		{5E63C797-3DA2-4E26-98A2-C991D5D66193}.Release|x86.ActiveCfg = Release|Win32
		{5E63C797-3DA2-4E26-98A2-C991D5D66193}.Release|x86.Build.0 = Release|Win32
	EndGlobalSection
	GlobalSection(SolutionProperties) = preSolution
		HideSolutionNode = FALSE
	EndGlobalSection
	GlobalSection(ExtensibilityGlobals) = postSolution
		SolutionGuid = {BF1944D9-356C-4C13-BDBD-CE8EA671BE68}
	EndGlobalSection
EndGlobal
